
Microsoft Visual Studio Solution File, Format Version 12.00
# Visual Studio Version 17
VisualStudioVersion = 17.4.33110.190
MinimumVisualStudioVersion = 10.0.40219.1
Project("{2150E333-8FDC-42A3-9474-1A3956D46DE8}") = "_ref", "_ref", "{11482ED5-6384-4124-9349-9316D6525584}"
EndProject
Project("{FAE04EC0-301F-11D3-BF4B-00C04F79EFBC}") = "nilnul._os_._WIN4TEST_", "..\_WIN4TEST_(Git\nilnul._os_._WIN4TEST_.csproj", "{F5768F46-27A9-4664-8CAD-7F63D44D155E}"
EndProject
Project("{FAE04EC0-301F-11D3-BF4B-00C04F79EFBC}") = "nilnul._os_._CTR4WIN_", "..\_CTR4WIN_(Git\nilnul._os_._CTR4WIN_.csproj", "{0F7AF38A-DA4E-4C80-B3B2-0C88E811D576}"
EndProject
Project("{9A19103F-16F7-4668-BE54-9A1E7A4F7556}") = "nilnul._os_._LIB_", "..\_LIB_(Git\nilnul._os_._LIB_.csproj", "{A399AA1E-2921-46D0-A01E-ECDD432B0E0A}"
EndProject
Project("{FAE04EC0-301F-11D3-BF4B-00C04F79EFBC}") = "nilnul._os_._TEST_", "..\_TEST_(Git\nilnul._os_._TEST_.csproj", "{73DA4679-E1D8-4BA7-AA6B-D1E7F7BB1307}"
EndProject
Project("{FAE04EC0-301F-11D3-BF4B-00C04F79EFBC}") = "nilnul._os_._LIB4FX_", "..\_LIB4FX_(Git\nilnul._os_._LIB4FX_.csproj", "{8D53BD1E-8B00-448F-96DF-70F531CCAADD}"
EndProject
Project("{2150E333-8FDC-42A3-9474-1A3956D46DE8}") = "NewFolder1", "NewFolder1", "{D6D648A8-CFD1-4169-8EDD-CAF49FDAB692}"
EndProject
Project("{2150E333-8FDC-42A3-9474-1A3956D46DE8}") = "NewFolder1", "NewFolder1", "{ED2D5210-5321-4FBF-8768-F22E2539B165}"
EndProject
Project("{FAE04EC0-301F-11D3-BF4B-00C04F79EFBC}") = "nilnul._win_._LIB_", "..\..\nilnul._win_\_LIB_\nilnul._win_._LIB_.csproj", "{7787D050-57CD-40FA-88FC-34F89C15DDBC}"
EndProject
Project("{FAE04EC0-301F-11D3-BF4B-00C04F79EFBC}") = "nilnul._os_.cmd_._EXE4BAT_", "nilnul._os_.cmd_._EXE4BAT_.csproj", "{F809E7AC-A2EB-44B0-80C8-60CBAC8BB8A8}"
EndProject
Global
	GlobalSection(SolutionConfigurationPlatforms) = preSolution
		_Temp|Any CPU = _Temp|Any CPU
		_Temp|Mixed Platforms = _Temp|Mixed Platforms
		_Temp|x86 = _Temp|x86
		Debug|Any CPU = Debug|Any CPU
		Debug|Mixed Platforms = Debug|Mixed Platforms
		Debug|x86 = Debug|x86
		debug2pub|Any CPU = debug2pub|Any CPU
		debug2pub|Mixed Platforms = debug2pub|Mixed Platforms
		debug2pub|x86 = debug2pub|x86
		hbue__deptS_ccpOrg___release|Any CPU = hbue__deptS_ccpOrg___release|Any CPU
		hbue__deptS_ccpOrg___release|Mixed Platforms = hbue__deptS_ccpOrg___release|Mixed Platforms
		hbue__deptS_ccpOrg___release|x86 = hbue__deptS_ccpOrg___release|x86
		hbue__deptS_ccpOrg|Any CPU = hbue__deptS_ccpOrg|Any CPU
		hbue__deptS_ccpOrg|Mixed Platforms = hbue__deptS_ccpOrg|Mixed Platforms
		hbue__deptS_ccpOrg|x86 = hbue__deptS_ccpOrg|x86
		Hbue40|Any CPU = Hbue40|Any CPU
		Hbue40|Mixed Platforms = Hbue40|Mixed Platforms
		Hbue40|x86 = Hbue40|x86
		Nuget|Any CPU = Nuget|Any CPU
		Nuget|Mixed Platforms = Nuget|Mixed Platforms
		Nuget|x86 = Nuget|x86
		PreferChinese|Any CPU = PreferChinese|Any CPU
		PreferChinese|Mixed Platforms = PreferChinese|Mixed Platforms
		PreferChinese|x86 = PreferChinese|x86
		Release_PreferChinese|Any CPU = Release_PreferChinese|Any CPU
		Release_PreferChinese|Mixed Platforms = Release_PreferChinese|Mixed Platforms
		Release_PreferChinese|x86 = Release_PreferChinese|x86
		Release|Any CPU = Release|Any CPU
		Release|Mixed Platforms = Release|Mixed Platforms
		Release|x86 = Release|x86
		Symbol|Any CPU = Symbol|Any CPU
		Symbol|Mixed Platforms = Symbol|Mixed Platforms
		Symbol|x86 = Symbol|x86
		Symbols4Debug|Any CPU = Symbols4Debug|Any CPU
		Symbols4Debug|Mixed Platforms = Symbols4Debug|Mixed Platforms
		Symbols4Debug|x86 = Symbols4Debug|x86
		test_release|Any CPU = test_release|Any CPU
		test_release|Mixed Platforms = test_release|Mixed Platforms
		test_release|x86 = test_release|x86
	EndGlobalSection
	GlobalSection(ProjectConfigurationPlatforms) = postSolution
		{F5768F46-27A9-4664-8CAD-7F63D44D155E}._Temp|Any CPU.ActiveCfg = Release|Any CPU
		{F5768F46-27A9-4664-8CAD-7F63D44D155E}._Temp|Any CPU.Build.0 = Release|Any CPU
		{F5768F46-27A9-4664-8CAD-7F63D44D155E}._Temp|Mixed Platforms.ActiveCfg = Release|Any CPU
		{F5768F46-27A9-4664-8CAD-7F63D44D155E}._Temp|Mixed Platforms.Build.0 = Release|Any CPU
		{F5768F46-27A9-4664-8CAD-7F63D44D155E}._Temp|x86.ActiveCfg = Release|Any CPU
		{F5768F46-27A9-4664-8CAD-7F63D44D155E}._Temp|x86.Build.0 = Release|Any CPU
		{F5768F46-27A9-4664-8CAD-7F63D44D155E}.Debug|Any CPU.ActiveCfg = Debug|Any CPU
		{F5768F46-27A9-4664-8CAD-7F63D44D155E}.Debug|Any CPU.Build.0 = Debug|Any CPU
		{F5768F46-27A9-4664-8CAD-7F63D44D155E}.Debug|Mixed Platforms.ActiveCfg = Debug|Any CPU
		{F5768F46-27A9-4664-8CAD-7F63D44D155E}.Debug|Mixed Platforms.Build.0 = Debug|Any CPU
		{F5768F46-27A9-4664-8CAD-7F63D44D155E}.Debug|x86.ActiveCfg = Debug|Any CPU
		{F5768F46-27A9-4664-8CAD-7F63D44D155E}.Debug|x86.Build.0 = Debug|Any CPU
		{F5768F46-27A9-4664-8CAD-7F63D44D155E}.debug2pub|Any CPU.ActiveCfg = Debug|Any CPU
		{F5768F46-27A9-4664-8CAD-7F63D44D155E}.debug2pub|Any CPU.Build.0 = Debug|Any CPU
		{F5768F46-27A9-4664-8CAD-7F63D44D155E}.debug2pub|Mixed Platforms.ActiveCfg = Debug|Any CPU
		{F5768F46-27A9-4664-8CAD-7F63D44D155E}.debug2pub|Mixed Platforms.Build.0 = Debug|Any CPU
		{F5768F46-27A9-4664-8CAD-7F63D44D155E}.debug2pub|x86.ActiveCfg = Debug|Any CPU
		{F5768F46-27A9-4664-8CAD-7F63D44D155E}.debug2pub|x86.Build.0 = Debug|Any CPU
		{F5768F46-27A9-4664-8CAD-7F63D44D155E}.hbue__deptS_ccpOrg___release|Any CPU.ActiveCfg = Release|Any CPU
		{F5768F46-27A9-4664-8CAD-7F63D44D155E}.hbue__deptS_ccpOrg___release|Any CPU.Build.0 = Release|Any CPU
		{F5768F46-27A9-4664-8CAD-7F63D44D155E}.hbue__deptS_ccpOrg___release|Mixed Platforms.ActiveCfg = Release|Any CPU
		{F5768F46-27A9-4664-8CAD-7F63D44D155E}.hbue__deptS_ccpOrg___release|Mixed Platforms.Build.0 = Release|Any CPU
		{F5768F46-27A9-4664-8CAD-7F63D44D155E}.hbue__deptS_ccpOrg___release|x86.ActiveCfg = Release|Any CPU
		{F5768F46-27A9-4664-8CAD-7F63D44D155E}.hbue__deptS_ccpOrg___release|x86.Build.0 = Release|Any CPU
		{F5768F46-27A9-4664-8CAD-7F63D44D155E}.hbue__deptS_ccpOrg|Any CPU.ActiveCfg = Release|Any CPU
		{F5768F46-27A9-4664-8CAD-7F63D44D155E}.hbue__deptS_ccpOrg|Any CPU.Build.0 = Release|Any CPU
		{F5768F46-27A9-4664-8CAD-7F63D44D155E}.hbue__deptS_ccpOrg|Mixed Platforms.ActiveCfg = Release|Any CPU
		{F5768F46-27A9-4664-8CAD-7F63D44D155E}.hbue__deptS_ccpOrg|Mixed Platforms.Build.0 = Release|Any CPU
		{F5768F46-27A9-4664-8CAD-7F63D44D155E}.hbue__deptS_ccpOrg|x86.ActiveCfg = Release|Any CPU
		{F5768F46-27A9-4664-8CAD-7F63D44D155E}.hbue__deptS_ccpOrg|x86.Build.0 = Release|Any CPU
		{F5768F46-27A9-4664-8CAD-7F63D44D155E}.Hbue40|Any CPU.ActiveCfg = Debug|Any CPU
		{F5768F46-27A9-4664-8CAD-7F63D44D155E}.Hbue40|Any CPU.Build.0 = Debug|Any CPU
		{F5768F46-27A9-4664-8CAD-7F63D44D155E}.Hbue40|Mixed Platforms.ActiveCfg = Debug|Any CPU
		{F5768F46-27A9-4664-8CAD-7F63D44D155E}.Hbue40|Mixed Platforms.Build.0 = Debug|Any CPU
		{F5768F46-27A9-4664-8CAD-7F63D44D155E}.Hbue40|x86.ActiveCfg = Debug|Any CPU
		{F5768F46-27A9-4664-8CAD-7F63D44D155E}.Hbue40|x86.Build.0 = Debug|Any CPU
		{F5768F46-27A9-4664-8CAD-7F63D44D155E}.Nuget|Any CPU.ActiveCfg = Symbol|Any CPU
		{F5768F46-27A9-4664-8CAD-7F63D44D155E}.Nuget|Any CPU.Build.0 = Symbol|Any CPU
		{F5768F46-27A9-4664-8CAD-7F63D44D155E}.Nuget|Mixed Platforms.ActiveCfg = Symbol|Any CPU
		{F5768F46-27A9-4664-8CAD-7F63D44D155E}.Nuget|Mixed Platforms.Build.0 = Symbol|Any CPU
		{F5768F46-27A9-4664-8CAD-7F63D44D155E}.Nuget|x86.ActiveCfg = Symbol|Any CPU
		{F5768F46-27A9-4664-8CAD-7F63D44D155E}.Nuget|x86.Build.0 = Symbol|Any CPU
		{F5768F46-27A9-4664-8CAD-7F63D44D155E}.PreferChinese|Any CPU.ActiveCfg = Release|Any CPU
		{F5768F46-27A9-4664-8CAD-7F63D44D155E}.PreferChinese|Any CPU.Build.0 = Release|Any CPU
		{F5768F46-27A9-4664-8CAD-7F63D44D155E}.PreferChinese|Mixed Platforms.ActiveCfg = Release|Any CPU
		{F5768F46-27A9-4664-8CAD-7F63D44D155E}.PreferChinese|Mixed Platforms.Build.0 = Release|Any CPU
		{F5768F46-27A9-4664-8CAD-7F63D44D155E}.PreferChinese|x86.ActiveCfg = Release|Any CPU
		{F5768F46-27A9-4664-8CAD-7F63D44D155E}.PreferChinese|x86.Build.0 = Release|Any CPU
		{F5768F46-27A9-4664-8CAD-7F63D44D155E}.Release_PreferChinese|Any CPU.ActiveCfg = Release|Any CPU
		{F5768F46-27A9-4664-8CAD-7F63D44D155E}.Release_PreferChinese|Any CPU.Build.0 = Release|Any CPU
		{F5768F46-27A9-4664-8CAD-7F63D44D155E}.Release_PreferChinese|Mixed Platforms.ActiveCfg = Release|Any CPU
		{F5768F46-27A9-4664-8CAD-7F63D44D155E}.Release_PreferChinese|Mixed Platforms.Build.0 = Release|Any CPU
		{F5768F46-27A9-4664-8CAD-7F63D44D155E}.Release_PreferChinese|x86.ActiveCfg = Release|Any CPU
		{F5768F46-27A9-4664-8CAD-7F63D44D155E}.Release_PreferChinese|x86.Build.0 = Release|Any CPU
		{F5768F46-27A9-4664-8CAD-7F63D44D155E}.Release|Any CPU.ActiveCfg = Release|Any CPU
		{F5768F46-27A9-4664-8CAD-7F63D44D155E}.Release|Any CPU.Build.0 = Release|Any CPU
		{F5768F46-27A9-4664-8CAD-7F63D44D155E}.Release|Mixed Platforms.ActiveCfg = Release|Any CPU
		{F5768F46-27A9-4664-8CAD-7F63D44D155E}.Release|Mixed Platforms.Build.0 = Release|Any CPU
		{F5768F46-27A9-4664-8CAD-7F63D44D155E}.Release|x86.ActiveCfg = Release|Any CPU
		{F5768F46-27A9-4664-8CAD-7F63D44D155E}.Release|x86.Build.0 = Release|Any CPU
		{F5768F46-27A9-4664-8CAD-7F63D44D155E}.Symbol|Any CPU.ActiveCfg = Symbol|Any CPU
		{F5768F46-27A9-4664-8CAD-7F63D44D155E}.Symbol|Any CPU.Build.0 = Symbol|Any CPU
		{F5768F46-27A9-4664-8CAD-7F63D44D155E}.Symbol|Mixed Platforms.ActiveCfg = Symbol|Any CPU
		{F5768F46-27A9-4664-8CAD-7F63D44D155E}.Symbol|Mixed Platforms.Build.0 = Symbol|Any CPU
		{F5768F46-27A9-4664-8CAD-7F63D44D155E}.Symbol|x86.ActiveCfg = Symbol|Any CPU
		{F5768F46-27A9-4664-8CAD-7F63D44D155E}.Symbol|x86.Build.0 = Symbol|Any CPU
		{F5768F46-27A9-4664-8CAD-7F63D44D155E}.Symbols4Debug|Any CPU.ActiveCfg = Debug|Any CPU
		{F5768F46-27A9-4664-8CAD-7F63D44D155E}.Symbols4Debug|Any CPU.Build.0 = Debug|Any CPU
		{F5768F46-27A9-4664-8CAD-7F63D44D155E}.Symbols4Debug|Mixed Platforms.ActiveCfg = Debug|Any CPU
		{F5768F46-27A9-4664-8CAD-7F63D44D155E}.Symbols4Debug|Mixed Platforms.Build.0 = Debug|Any CPU
		{F5768F46-27A9-4664-8CAD-7F63D44D155E}.Symbols4Debug|x86.ActiveCfg = Debug|Any CPU
		{F5768F46-27A9-4664-8CAD-7F63D44D155E}.Symbols4Debug|x86.Build.0 = Debug|Any CPU
		{F5768F46-27A9-4664-8CAD-7F63D44D155E}.test_release|Any CPU.ActiveCfg = Release|Any CPU
		{F5768F46-27A9-4664-8CAD-7F63D44D155E}.test_release|Any CPU.Build.0 = Release|Any CPU
		{F5768F46-27A9-4664-8CAD-7F63D44D155E}.test_release|Mixed Platforms.ActiveCfg = Release|Any CPU
		{F5768F46-27A9-4664-8CAD-7F63D44D155E}.test_release|Mixed Platforms.Build.0 = Release|Any CPU
		{F5768F46-27A9-4664-8CAD-7F63D44D155E}.test_release|x86.ActiveCfg = Release|Any CPU
		{F5768F46-27A9-4664-8CAD-7F63D44D155E}.test_release|x86.Build.0 = Release|Any CPU
		{0F7AF38A-DA4E-4C80-B3B2-0C88E811D576}._Temp|Any CPU.ActiveCfg = Release|Any CPU
		{0F7AF38A-DA4E-4C80-B3B2-0C88E811D576}._Temp|Any CPU.Build.0 = Release|Any CPU
		{0F7AF38A-DA4E-4C80-B3B2-0C88E811D576}._Temp|Mixed Platforms.ActiveCfg = Release|Any CPU
		{0F7AF38A-DA4E-4C80-B3B2-0C88E811D576}._Temp|Mixed Platforms.Build.0 = Release|Any CPU
		{0F7AF38A-DA4E-4C80-B3B2-0C88E811D576}._Temp|x86.ActiveCfg = Release|Any CPU
		{0F7AF38A-DA4E-4C80-B3B2-0C88E811D576}._Temp|x86.Build.0 = Release|Any CPU
		{0F7AF38A-DA4E-4C80-B3B2-0C88E811D576}.Debug|Any CPU.ActiveCfg = Debug|Any CPU
		{0F7AF38A-DA4E-4C80-B3B2-0C88E811D576}.Debug|Any CPU.Build.0 = Debug|Any CPU
		{0F7AF38A-DA4E-4C80-B3B2-0C88E811D576}.Debug|Mixed Platforms.ActiveCfg = Debug|Any CPU
		{0F7AF38A-DA4E-4C80-B3B2-0C88E811D576}.Debug|Mixed Platforms.Build.0 = Debug|Any CPU
		{0F7AF38A-DA4E-4C80-B3B2-0C88E811D576}.Debug|x86.ActiveCfg = Debug|Any CPU
		{0F7AF38A-DA4E-4C80-B3B2-0C88E811D576}.Debug|x86.Build.0 = Debug|Any CPU
		{0F7AF38A-DA4E-4C80-B3B2-0C88E811D576}.debug2pub|Any CPU.ActiveCfg = Debug|Any CPU
		{0F7AF38A-DA4E-4C80-B3B2-0C88E811D576}.debug2pub|Any CPU.Build.0 = Debug|Any CPU
		{0F7AF38A-DA4E-4C80-B3B2-0C88E811D576}.debug2pub|Mixed Platforms.ActiveCfg = Debug|Any CPU
		{0F7AF38A-DA4E-4C80-B3B2-0C88E811D576}.debug2pub|Mixed Platforms.Build.0 = Debug|Any CPU
		{0F7AF38A-DA4E-4C80-B3B2-0C88E811D576}.debug2pub|x86.ActiveCfg = Debug|Any CPU
		{0F7AF38A-DA4E-4C80-B3B2-0C88E811D576}.debug2pub|x86.Build.0 = Debug|Any CPU
		{0F7AF38A-DA4E-4C80-B3B2-0C88E811D576}.hbue__deptS_ccpOrg___release|Any CPU.ActiveCfg = Release|Any CPU
		{0F7AF38A-DA4E-4C80-B3B2-0C88E811D576}.hbue__deptS_ccpOrg___release|Any CPU.Build.0 = Release|Any CPU
		{0F7AF38A-DA4E-4C80-B3B2-0C88E811D576}.hbue__deptS_ccpOrg___release|Mixed Platforms.ActiveCfg = Release|Any CPU
		{0F7AF38A-DA4E-4C80-B3B2-0C88E811D576}.hbue__deptS_ccpOrg___release|Mixed Platforms.Build.0 = Release|Any CPU
		{0F7AF38A-DA4E-4C80-B3B2-0C88E811D576}.hbue__deptS_ccpOrg___release|x86.ActiveCfg = Release|Any CPU
		{0F7AF38A-DA4E-4C80-B3B2-0C88E811D576}.hbue__deptS_ccpOrg___release|x86.Build.0 = Release|Any CPU
		{0F7AF38A-DA4E-4C80-B3B2-0C88E811D576}.hbue__deptS_ccpOrg|Any CPU.ActiveCfg = Release|Any CPU
		{0F7AF38A-DA4E-4C80-B3B2-0C88E811D576}.hbue__deptS_ccpOrg|Any CPU.Build.0 = Release|Any CPU
		{0F7AF38A-DA4E-4C80-B3B2-0C88E811D576}.hbue__deptS_ccpOrg|Mixed Platforms.ActiveCfg = Release|Any CPU
		{0F7AF38A-DA4E-4C80-B3B2-0C88E811D576}.hbue__deptS_ccpOrg|Mixed Platforms.Build.0 = Release|Any CPU
		{0F7AF38A-DA4E-4C80-B3B2-0C88E811D576}.hbue__deptS_ccpOrg|x86.ActiveCfg = Release|Any CPU
		{0F7AF38A-DA4E-4C80-B3B2-0C88E811D576}.hbue__deptS_ccpOrg|x86.Build.0 = Release|Any CPU
		{0F7AF38A-DA4E-4C80-B3B2-0C88E811D576}.Hbue40|Any CPU.ActiveCfg = Release|Any CPU
		{0F7AF38A-DA4E-4C80-B3B2-0C88E811D576}.Hbue40|Any CPU.Build.0 = Release|Any CPU
		{0F7AF38A-DA4E-4C80-B3B2-0C88E811D576}.Hbue40|Mixed Platforms.ActiveCfg = Release|Any CPU
		{0F7AF38A-DA4E-4C80-B3B2-0C88E811D576}.Hbue40|Mixed Platforms.Build.0 = Release|Any CPU
		{0F7AF38A-DA4E-4C80-B3B2-0C88E811D576}.Hbue40|x86.ActiveCfg = Release|Any CPU
		{0F7AF38A-DA4E-4C80-B3B2-0C88E811D576}.Hbue40|x86.Build.0 = Release|Any CPU
		{0F7AF38A-DA4E-4C80-B3B2-0C88E811D576}.Nuget|Any CPU.ActiveCfg = Nuget|Any CPU
		{0F7AF38A-DA4E-4C80-B3B2-0C88E811D576}.Nuget|Any CPU.Build.0 = Nuget|Any CPU
		{0F7AF38A-DA4E-4C80-B3B2-0C88E811D576}.Nuget|Mixed Platforms.ActiveCfg = Nuget|Any CPU
		{0F7AF38A-DA4E-4C80-B3B2-0C88E811D576}.Nuget|Mixed Platforms.Build.0 = Nuget|Any CPU
		{0F7AF38A-DA4E-4C80-B3B2-0C88E811D576}.Nuget|x86.ActiveCfg = Nuget|Any CPU
		{0F7AF38A-DA4E-4C80-B3B2-0C88E811D576}.Nuget|x86.Build.0 = Nuget|Any CPU
		{0F7AF38A-DA4E-4C80-B3B2-0C88E811D576}.PreferChinese|Any CPU.ActiveCfg = Release|Any CPU
		{0F7AF38A-DA4E-4C80-B3B2-0C88E811D576}.PreferChinese|Any CPU.Build.0 = Release|Any CPU
		{0F7AF38A-DA4E-4C80-B3B2-0C88E811D576}.PreferChinese|Mixed Platforms.ActiveCfg = Release|Any CPU
		{0F7AF38A-DA4E-4C80-B3B2-0C88E811D576}.PreferChinese|Mixed Platforms.Build.0 = Release|Any CPU
		{0F7AF38A-DA4E-4C80-B3B2-0C88E811D576}.PreferChinese|x86.ActiveCfg = Release|Any CPU
		{0F7AF38A-DA4E-4C80-B3B2-0C88E811D576}.PreferChinese|x86.Build.0 = Release|Any CPU
		{0F7AF38A-DA4E-4C80-B3B2-0C88E811D576}.Release_PreferChinese|Any CPU.ActiveCfg = Release|Any CPU
		{0F7AF38A-DA4E-4C80-B3B2-0C88E811D576}.Release_PreferChinese|Any CPU.Build.0 = Release|Any CPU
		{0F7AF38A-DA4E-4C80-B3B2-0C88E811D576}.Release_PreferChinese|Mixed Platforms.ActiveCfg = Release|Any CPU
		{0F7AF38A-DA4E-4C80-B3B2-0C88E811D576}.Release_PreferChinese|Mixed Platforms.Build.0 = Release|Any CPU
		{0F7AF38A-DA4E-4C80-B3B2-0C88E811D576}.Release_PreferChinese|x86.ActiveCfg = Release|Any CPU
		{0F7AF38A-DA4E-4C80-B3B2-0C88E811D576}.Release_PreferChinese|x86.Build.0 = Release|Any CPU
		{0F7AF38A-DA4E-4C80-B3B2-0C88E811D576}.Release|Any CPU.ActiveCfg = Release|Any CPU
		{0F7AF38A-DA4E-4C80-B3B2-0C88E811D576}.Release|Any CPU.Build.0 = Release|Any CPU
		{0F7AF38A-DA4E-4C80-B3B2-0C88E811D576}.Release|Mixed Platforms.ActiveCfg = Release|Any CPU
		{0F7AF38A-DA4E-4C80-B3B2-0C88E811D576}.Release|Mixed Platforms.Build.0 = Release|Any CPU
		{0F7AF38A-DA4E-4C80-B3B2-0C88E811D576}.Release|x86.ActiveCfg = Release|Any CPU
		{0F7AF38A-DA4E-4C80-B3B2-0C88E811D576}.Release|x86.Build.0 = Release|Any CPU
		{0F7AF38A-DA4E-4C80-B3B2-0C88E811D576}.Symbol|Any CPU.ActiveCfg = Symbol|Any CPU
		{0F7AF38A-DA4E-4C80-B3B2-0C88E811D576}.Symbol|Any CPU.Build.0 = Symbol|Any CPU
		{0F7AF38A-DA4E-4C80-B3B2-0C88E811D576}.Symbol|Mixed Platforms.ActiveCfg = Symbol|Any CPU
		{0F7AF38A-DA4E-4C80-B3B2-0C88E811D576}.Symbol|Mixed Platforms.Build.0 = Symbol|Any CPU
		{0F7AF38A-DA4E-4C80-B3B2-0C88E811D576}.Symbol|x86.ActiveCfg = Symbol|Any CPU
		{0F7AF38A-DA4E-4C80-B3B2-0C88E811D576}.Symbol|x86.Build.0 = Symbol|Any CPU
		{0F7AF38A-DA4E-4C80-B3B2-0C88E811D576}.Symbols4Debug|Any CPU.ActiveCfg = Debug|Any CPU
		{0F7AF38A-DA4E-4C80-B3B2-0C88E811D576}.Symbols4Debug|Any CPU.Build.0 = Debug|Any CPU
		{0F7AF38A-DA4E-4C80-B3B2-0C88E811D576}.Symbols4Debug|Mixed Platforms.ActiveCfg = Symbols4Debug|Any CPU
		{0F7AF38A-DA4E-4C80-B3B2-0C88E811D576}.Symbols4Debug|Mixed Platforms.Build.0 = Symbols4Debug|Any CPU
		{0F7AF38A-DA4E-4C80-B3B2-0C88E811D576}.Symbols4Debug|x86.ActiveCfg = Debug|Any CPU
		{0F7AF38A-DA4E-4C80-B3B2-0C88E811D576}.Symbols4Debug|x86.Build.0 = Debug|Any CPU
		{0F7AF38A-DA4E-4C80-B3B2-0C88E811D576}.test_release|Any CPU.ActiveCfg = Release|Any CPU
		{0F7AF38A-DA4E-4C80-B3B2-0C88E811D576}.test_release|Any CPU.Build.0 = Release|Any CPU
		{0F7AF38A-DA4E-4C80-B3B2-0C88E811D576}.test_release|Mixed Platforms.ActiveCfg = Release|Any CPU
		{0F7AF38A-DA4E-4C80-B3B2-0C88E811D576}.test_release|Mixed Platforms.Build.0 = Release|Any CPU
		{0F7AF38A-DA4E-4C80-B3B2-0C88E811D576}.test_release|x86.ActiveCfg = Release|Any CPU
		{0F7AF38A-DA4E-4C80-B3B2-0C88E811D576}.test_release|x86.Build.0 = Release|Any CPU
		{A399AA1E-2921-46D0-A01E-ECDD432B0E0A}._Temp|Any CPU.ActiveCfg = Symbols4Debug|Any CPU
		{A399AA1E-2921-46D0-A01E-ECDD432B0E0A}._Temp|Any CPU.Build.0 = Symbols4Debug|Any CPU
		{A399AA1E-2921-46D0-A01E-ECDD432B0E0A}._Temp|Mixed Platforms.ActiveCfg = Symbols4Debug|Any CPU
		{A399AA1E-2921-46D0-A01E-ECDD432B0E0A}._Temp|Mixed Platforms.Build.0 = Symbols4Debug|Any CPU
		{A399AA1E-2921-46D0-A01E-ECDD432B0E0A}._Temp|x86.ActiveCfg = Symbols4Debug|Any CPU
		{A399AA1E-2921-46D0-A01E-ECDD432B0E0A}._Temp|x86.Build.0 = Symbols4Debug|Any CPU
		{A399AA1E-2921-46D0-A01E-ECDD432B0E0A}.Debug|Any CPU.ActiveCfg = Debug|Any CPU
		{A399AA1E-2921-46D0-A01E-ECDD432B0E0A}.Debug|Any CPU.Build.0 = Debug|Any CPU
		{A399AA1E-2921-46D0-A01E-ECDD432B0E0A}.Debug|Mixed Platforms.ActiveCfg = Debug|Any CPU
		{A399AA1E-2921-46D0-A01E-ECDD432B0E0A}.Debug|Mixed Platforms.Build.0 = Debug|Any CPU
		{A399AA1E-2921-46D0-A01E-ECDD432B0E0A}.Debug|x86.ActiveCfg = Debug|Any CPU
		{A399AA1E-2921-46D0-A01E-ECDD432B0E0A}.Debug|x86.Build.0 = Debug|Any CPU
		{A399AA1E-2921-46D0-A01E-ECDD432B0E0A}.debug2pub|Any CPU.ActiveCfg = Debug|Any CPU
		{A399AA1E-2921-46D0-A01E-ECDD432B0E0A}.debug2pub|Any CPU.Build.0 = Debug|Any CPU
		{A399AA1E-2921-46D0-A01E-ECDD432B0E0A}.debug2pub|Mixed Platforms.ActiveCfg = Debug|Any CPU
		{A399AA1E-2921-46D0-A01E-ECDD432B0E0A}.debug2pub|Mixed Platforms.Build.0 = Debug|Any CPU
		{A399AA1E-2921-46D0-A01E-ECDD432B0E0A}.debug2pub|x86.ActiveCfg = Debug|Any CPU
		{A399AA1E-2921-46D0-A01E-ECDD432B0E0A}.debug2pub|x86.Build.0 = Debug|Any CPU
		{A399AA1E-2921-46D0-A01E-ECDD432B0E0A}.hbue__deptS_ccpOrg___release|Any CPU.ActiveCfg = Hbue40|Any CPU
		{A399AA1E-2921-46D0-A01E-ECDD432B0E0A}.hbue__deptS_ccpOrg___release|Any CPU.Build.0 = Hbue40|Any CPU
		{A399AA1E-2921-46D0-A01E-ECDD432B0E0A}.hbue__deptS_ccpOrg___release|Mixed Platforms.ActiveCfg = Hbue40|Any CPU
		{A399AA1E-2921-46D0-A01E-ECDD432B0E0A}.hbue__deptS_ccpOrg___release|Mixed Platforms.Build.0 = Hbue40|Any CPU
		{A399AA1E-2921-46D0-A01E-ECDD432B0E0A}.hbue__deptS_ccpOrg___release|x86.ActiveCfg = Hbue40|Any CPU
		{A399AA1E-2921-46D0-A01E-ECDD432B0E0A}.hbue__deptS_ccpOrg___release|x86.Build.0 = Hbue40|Any CPU
		{A399AA1E-2921-46D0-A01E-ECDD432B0E0A}.hbue__deptS_ccpOrg|Any CPU.ActiveCfg = Hbue40|Any CPU
		{A399AA1E-2921-46D0-A01E-ECDD432B0E0A}.hbue__deptS_ccpOrg|Any CPU.Build.0 = Hbue40|Any CPU
		{A399AA1E-2921-46D0-A01E-ECDD432B0E0A}.hbue__deptS_ccpOrg|Mixed Platforms.ActiveCfg = Hbue40|Any CPU
		{A399AA1E-2921-46D0-A01E-ECDD432B0E0A}.hbue__deptS_ccpOrg|Mixed Platforms.Build.0 = Hbue40|Any CPU
		{A399AA1E-2921-46D0-A01E-ECDD432B0E0A}.hbue__deptS_ccpOrg|x86.ActiveCfg = Hbue40|Any CPU
		{A399AA1E-2921-46D0-A01E-ECDD432B0E0A}.hbue__deptS_ccpOrg|x86.Build.0 = Hbue40|Any CPU
		{A399AA1E-2921-46D0-A01E-ECDD432B0E0A}.Hbue40|Any CPU.ActiveCfg = Hbue40|Any CPU
		{A399AA1E-2921-46D0-A01E-ECDD432B0E0A}.Hbue40|Any CPU.Build.0 = Hbue40|Any CPU
		{A399AA1E-2921-46D0-A01E-ECDD432B0E0A}.Hbue40|Mixed Platforms.ActiveCfg = Hbue40|Any CPU
		{A399AA1E-2921-46D0-A01E-ECDD432B0E0A}.Hbue40|Mixed Platforms.Build.0 = Hbue40|Any CPU
		{A399AA1E-2921-46D0-A01E-ECDD432B0E0A}.Hbue40|x86.ActiveCfg = Hbue40|Any CPU
		{A399AA1E-2921-46D0-A01E-ECDD432B0E0A}.Hbue40|x86.Build.0 = Hbue40|Any CPU
		{A399AA1E-2921-46D0-A01E-ECDD432B0E0A}.Nuget|Any CPU.ActiveCfg = Symbol|Any CPU
		{A399AA1E-2921-46D0-A01E-ECDD432B0E0A}.Nuget|Any CPU.Build.0 = Symbol|Any CPU
		{A399AA1E-2921-46D0-A01E-ECDD432B0E0A}.Nuget|Mixed Platforms.ActiveCfg = Symbol|Any CPU
		{A399AA1E-2921-46D0-A01E-ECDD432B0E0A}.Nuget|Mixed Platforms.Build.0 = Symbol|Any CPU
		{A399AA1E-2921-46D0-A01E-ECDD432B0E0A}.Nuget|x86.ActiveCfg = Symbol|Any CPU
		{A399AA1E-2921-46D0-A01E-ECDD432B0E0A}.Nuget|x86.Build.0 = Symbol|Any CPU
		{A399AA1E-2921-46D0-A01E-ECDD432B0E0A}.PreferChinese|Any CPU.ActiveCfg = Symbols4Debug|Any CPU
		{A399AA1E-2921-46D0-A01E-ECDD432B0E0A}.PreferChinese|Any CPU.Build.0 = Symbols4Debug|Any CPU
		{A399AA1E-2921-46D0-A01E-ECDD432B0E0A}.PreferChinese|Mixed Platforms.ActiveCfg = Symbols4Debug|Any CPU
		{A399AA1E-2921-46D0-A01E-ECDD432B0E0A}.PreferChinese|Mixed Platforms.Build.0 = Symbols4Debug|Any CPU
		{A399AA1E-2921-46D0-A01E-ECDD432B0E0A}.PreferChinese|x86.ActiveCfg = Symbols4Debug|Any CPU
		{A399AA1E-2921-46D0-A01E-ECDD432B0E0A}.PreferChinese|x86.Build.0 = Symbols4Debug|Any CPU
		{A399AA1E-2921-46D0-A01E-ECDD432B0E0A}.Release_PreferChinese|Any CPU.ActiveCfg = Release|Any CPU
		{A399AA1E-2921-46D0-A01E-ECDD432B0E0A}.Release_PreferChinese|Any CPU.Build.0 = Release|Any CPU
		{A399AA1E-2921-46D0-A01E-ECDD432B0E0A}.Release_PreferChinese|Mixed Platforms.ActiveCfg = Release|Any CPU
		{A399AA1E-2921-46D0-A01E-ECDD432B0E0A}.Release_PreferChinese|Mixed Platforms.Build.0 = Release|Any CPU
		{A399AA1E-2921-46D0-A01E-ECDD432B0E0A}.Release_PreferChinese|x86.ActiveCfg = Release|Any CPU
		{A399AA1E-2921-46D0-A01E-ECDD432B0E0A}.Release_PreferChinese|x86.Build.0 = Release|Any CPU
		{A399AA1E-2921-46D0-A01E-ECDD432B0E0A}.Release|Any CPU.ActiveCfg = Release|Any CPU
		{A399AA1E-2921-46D0-A01E-ECDD432B0E0A}.Release|Any CPU.Build.0 = Release|Any CPU
		{A399AA1E-2921-46D0-A01E-ECDD432B0E0A}.Release|Mixed Platforms.ActiveCfg = Release|Any CPU
		{A399AA1E-2921-46D0-A01E-ECDD432B0E0A}.Release|Mixed Platforms.Build.0 = Release|Any CPU
		{A399AA1E-2921-46D0-A01E-ECDD432B0E0A}.Release|x86.ActiveCfg = Release|Any CPU
		{A399AA1E-2921-46D0-A01E-ECDD432B0E0A}.Release|x86.Build.0 = Release|Any CPU
		{A399AA1E-2921-46D0-A01E-ECDD432B0E0A}.Symbol|Any CPU.ActiveCfg = Symbol|Any CPU
		{A399AA1E-2921-46D0-A01E-ECDD432B0E0A}.Symbol|Any CPU.Build.0 = Symbol|Any CPU
		{A399AA1E-2921-46D0-A01E-ECDD432B0E0A}.Symbol|Mixed Platforms.ActiveCfg = Symbol|Any CPU
		{A399AA1E-2921-46D0-A01E-ECDD432B0E0A}.Symbol|Mixed Platforms.Build.0 = Symbol|Any CPU
		{A399AA1E-2921-46D0-A01E-ECDD432B0E0A}.Symbol|x86.ActiveCfg = Symbol|Any CPU
		{A399AA1E-2921-46D0-A01E-ECDD432B0E0A}.Symbol|x86.Build.0 = Symbol|Any CPU
		{A399AA1E-2921-46D0-A01E-ECDD432B0E0A}.Symbols4Debug|Any CPU.ActiveCfg = Symbols4Debug|Any CPU
		{A399AA1E-2921-46D0-A01E-ECDD432B0E0A}.Symbols4Debug|Any CPU.Build.0 = Symbols4Debug|Any CPU
		{A399AA1E-2921-46D0-A01E-ECDD432B0E0A}.Symbols4Debug|Mixed Platforms.ActiveCfg = Symbols4Debug|Any CPU
		{A399AA1E-2921-46D0-A01E-ECDD432B0E0A}.Symbols4Debug|Mixed Platforms.Build.0 = Symbols4Debug|Any CPU
		{A399AA1E-2921-46D0-A01E-ECDD432B0E0A}.Symbols4Debug|x86.ActiveCfg = Symbols4Debug|Any CPU
		{A399AA1E-2921-46D0-A01E-ECDD432B0E0A}.Symbols4Debug|x86.Build.0 = Symbols4Debug|Any CPU
		{A399AA1E-2921-46D0-A01E-ECDD432B0E0A}.test_release|Any CPU.ActiveCfg = Symbols4Debug|Any CPU
		{A399AA1E-2921-46D0-A01E-ECDD432B0E0A}.test_release|Any CPU.Build.0 = Symbols4Debug|Any CPU
		{A399AA1E-2921-46D0-A01E-ECDD432B0E0A}.test_release|Mixed Platforms.ActiveCfg = Symbols4Debug|Any CPU
		{A399AA1E-2921-46D0-A01E-ECDD432B0E0A}.test_release|Mixed Platforms.Build.0 = Symbols4Debug|Any CPU
		{A399AA1E-2921-46D0-A01E-ECDD432B0E0A}.test_release|x86.ActiveCfg = Symbols4Debug|Any CPU
		{A399AA1E-2921-46D0-A01E-ECDD432B0E0A}.test_release|x86.Build.0 = Symbols4Debug|Any CPU
		{73DA4679-E1D8-4BA7-AA6B-D1E7F7BB1307}._Temp|Any CPU.ActiveCfg = Symbols4Debug|Any CPU
		{73DA4679-E1D8-4BA7-AA6B-D1E7F7BB1307}._Temp|Any CPU.Build.0 = Symbols4Debug|Any CPU
		{73DA4679-E1D8-4BA7-AA6B-D1E7F7BB1307}._Temp|Mixed Platforms.ActiveCfg = Symbols4Debug|Any CPU
		{73DA4679-E1D8-4BA7-AA6B-D1E7F7BB1307}._Temp|Mixed Platforms.Build.0 = Symbols4Debug|Any CPU
		{73DA4679-E1D8-4BA7-AA6B-D1E7F7BB1307}._Temp|x86.ActiveCfg = Symbols4Debug|Any CPU
		{73DA4679-E1D8-4BA7-AA6B-D1E7F7BB1307}._Temp|x86.Build.0 = Symbols4Debug|Any CPU
		{73DA4679-E1D8-4BA7-AA6B-D1E7F7BB1307}.Debug|Any CPU.ActiveCfg = Debug|Any CPU
		{73DA4679-E1D8-4BA7-AA6B-D1E7F7BB1307}.Debug|Any CPU.Build.0 = Debug|Any CPU
		{73DA4679-E1D8-4BA7-AA6B-D1E7F7BB1307}.Debug|Mixed Platforms.ActiveCfg = Debug|Any CPU
		{73DA4679-E1D8-4BA7-AA6B-D1E7F7BB1307}.Debug|Mixed Platforms.Build.0 = Debug|Any CPU
		{73DA4679-E1D8-4BA7-AA6B-D1E7F7BB1307}.Debug|x86.ActiveCfg = Debug|Any CPU
		{73DA4679-E1D8-4BA7-AA6B-D1E7F7BB1307}.Debug|x86.Build.0 = Debug|Any CPU
		{73DA4679-E1D8-4BA7-AA6B-D1E7F7BB1307}.debug2pub|Any CPU.ActiveCfg = Debug|Any CPU
		{73DA4679-E1D8-4BA7-AA6B-D1E7F7BB1307}.debug2pub|Any CPU.Build.0 = Debug|Any CPU
		{73DA4679-E1D8-4BA7-AA6B-D1E7F7BB1307}.debug2pub|Mixed Platforms.ActiveCfg = Debug|Any CPU
		{73DA4679-E1D8-4BA7-AA6B-D1E7F7BB1307}.debug2pub|Mixed Platforms.Build.0 = Debug|Any CPU
		{73DA4679-E1D8-4BA7-AA6B-D1E7F7BB1307}.debug2pub|x86.ActiveCfg = Debug|Any CPU
		{73DA4679-E1D8-4BA7-AA6B-D1E7F7BB1307}.debug2pub|x86.Build.0 = Debug|Any CPU
		{73DA4679-E1D8-4BA7-AA6B-D1E7F7BB1307}.hbue__deptS_ccpOrg___release|Any CPU.ActiveCfg = Symbols4Debug|Any CPU
		{73DA4679-E1D8-4BA7-AA6B-D1E7F7BB1307}.hbue__deptS_ccpOrg___release|Any CPU.Build.0 = Symbols4Debug|Any CPU
		{73DA4679-E1D8-4BA7-AA6B-D1E7F7BB1307}.hbue__deptS_ccpOrg___release|Mixed Platforms.ActiveCfg = Symbols4Debug|Any CPU
		{73DA4679-E1D8-4BA7-AA6B-D1E7F7BB1307}.hbue__deptS_ccpOrg___release|Mixed Platforms.Build.0 = Symbols4Debug|Any CPU
		{73DA4679-E1D8-4BA7-AA6B-D1E7F7BB1307}.hbue__deptS_ccpOrg___release|x86.ActiveCfg = Symbols4Debug|Any CPU
		{73DA4679-E1D8-4BA7-AA6B-D1E7F7BB1307}.hbue__deptS_ccpOrg___release|x86.Build.0 = Symbols4Debug|Any CPU
		{73DA4679-E1D8-4BA7-AA6B-D1E7F7BB1307}.hbue__deptS_ccpOrg|Any CPU.ActiveCfg = Symbols4Debug|Any CPU
		{73DA4679-E1D8-4BA7-AA6B-D1E7F7BB1307}.hbue__deptS_ccpOrg|Any CPU.Build.0 = Symbols4Debug|Any CPU
		{73DA4679-E1D8-4BA7-AA6B-D1E7F7BB1307}.hbue__deptS_ccpOrg|Mixed Platforms.ActiveCfg = Symbols4Debug|Any CPU
		{73DA4679-E1D8-4BA7-AA6B-D1E7F7BB1307}.hbue__deptS_ccpOrg|Mixed Platforms.Build.0 = Symbols4Debug|Any CPU
		{73DA4679-E1D8-4BA7-AA6B-D1E7F7BB1307}.hbue__deptS_ccpOrg|x86.ActiveCfg = Symbols4Debug|Any CPU
		{73DA4679-E1D8-4BA7-AA6B-D1E7F7BB1307}.hbue__deptS_ccpOrg|x86.Build.0 = Symbols4Debug|Any CPU
		{73DA4679-E1D8-4BA7-AA6B-D1E7F7BB1307}.Hbue40|Any CPU.ActiveCfg = Symbols4Debug|Any CPU
		{73DA4679-E1D8-4BA7-AA6B-D1E7F7BB1307}.Hbue40|Any CPU.Build.0 = Symbols4Debug|Any CPU
		{73DA4679-E1D8-4BA7-AA6B-D1E7F7BB1307}.Hbue40|Mixed Platforms.ActiveCfg = Symbols4Debug|Any CPU
		{73DA4679-E1D8-4BA7-AA6B-D1E7F7BB1307}.Hbue40|Mixed Platforms.Build.0 = Symbols4Debug|Any CPU
		{73DA4679-E1D8-4BA7-AA6B-D1E7F7BB1307}.Hbue40|x86.ActiveCfg = Symbols4Debug|Any CPU
		{73DA4679-E1D8-4BA7-AA6B-D1E7F7BB1307}.Hbue40|x86.Build.0 = Symbols4Debug|Any CPU
		{73DA4679-E1D8-4BA7-AA6B-D1E7F7BB1307}.Nuget|Any CPU.ActiveCfg = Symbol|Any CPU
		{73DA4679-E1D8-4BA7-AA6B-D1E7F7BB1307}.Nuget|Any CPU.Build.0 = Symbol|Any CPU
		{73DA4679-E1D8-4BA7-AA6B-D1E7F7BB1307}.Nuget|Mixed Platforms.ActiveCfg = Symbol|Any CPU
		{73DA4679-E1D8-4BA7-AA6B-D1E7F7BB1307}.Nuget|Mixed Platforms.Build.0 = Symbol|Any CPU
		{73DA4679-E1D8-4BA7-AA6B-D1E7F7BB1307}.Nuget|x86.ActiveCfg = Symbol|Any CPU
		{73DA4679-E1D8-4BA7-AA6B-D1E7F7BB1307}.Nuget|x86.Build.0 = Symbol|Any CPU
		{73DA4679-E1D8-4BA7-AA6B-D1E7F7BB1307}.PreferChinese|Any CPU.ActiveCfg = Symbols4Debug|Any CPU
		{73DA4679-E1D8-4BA7-AA6B-D1E7F7BB1307}.PreferChinese|Any CPU.Build.0 = Symbols4Debug|Any CPU
		{73DA4679-E1D8-4BA7-AA6B-D1E7F7BB1307}.PreferChinese|Mixed Platforms.ActiveCfg = Symbols4Debug|Any CPU
		{73DA4679-E1D8-4BA7-AA6B-D1E7F7BB1307}.PreferChinese|Mixed Platforms.Build.0 = Symbols4Debug|Any CPU
		{73DA4679-E1D8-4BA7-AA6B-D1E7F7BB1307}.PreferChinese|x86.ActiveCfg = Symbols4Debug|Any CPU
		{73DA4679-E1D8-4BA7-AA6B-D1E7F7BB1307}.PreferChinese|x86.Build.0 = Symbols4Debug|Any CPU
		{73DA4679-E1D8-4BA7-AA6B-D1E7F7BB1307}.Release_PreferChinese|Any CPU.ActiveCfg = Release|Any CPU
		{73DA4679-E1D8-4BA7-AA6B-D1E7F7BB1307}.Release_PreferChinese|Any CPU.Build.0 = Release|Any CPU
		{73DA4679-E1D8-4BA7-AA6B-D1E7F7BB1307}.Release_PreferChinese|Mixed Platforms.ActiveCfg = Release|Any CPU
		{73DA4679-E1D8-4BA7-AA6B-D1E7F7BB1307}.Release_PreferChinese|Mixed Platforms.Build.0 = Release|Any CPU
		{73DA4679-E1D8-4BA7-AA6B-D1E7F7BB1307}.Release_PreferChinese|x86.ActiveCfg = Release|Any CPU
		{73DA4679-E1D8-4BA7-AA6B-D1E7F7BB1307}.Release_PreferChinese|x86.Build.0 = Release|Any CPU
		{73DA4679-E1D8-4BA7-AA6B-D1E7F7BB1307}.Release|Any CPU.ActiveCfg = Release|Any CPU
		{73DA4679-E1D8-4BA7-AA6B-D1E7F7BB1307}.Release|Any CPU.Build.0 = Release|Any CPU
		{73DA4679-E1D8-4BA7-AA6B-D1E7F7BB1307}.Release|Mixed Platforms.ActiveCfg = Release|Any CPU
		{73DA4679-E1D8-4BA7-AA6B-D1E7F7BB1307}.Release|Mixed Platforms.Build.0 = Release|Any CPU
		{73DA4679-E1D8-4BA7-AA6B-D1E7F7BB1307}.Release|x86.ActiveCfg = Release|Any CPU
		{73DA4679-E1D8-4BA7-AA6B-D1E7F7BB1307}.Release|x86.Build.0 = Release|Any CPU
		{73DA4679-E1D8-4BA7-AA6B-D1E7F7BB1307}.Symbol|Any CPU.ActiveCfg = Symbol|Any CPU
		{73DA4679-E1D8-4BA7-AA6B-D1E7F7BB1307}.Symbol|Any CPU.Build.0 = Symbol|Any CPU
		{73DA4679-E1D8-4BA7-AA6B-D1E7F7BB1307}.Symbol|Mixed Platforms.ActiveCfg = Symbol|Any CPU
		{73DA4679-E1D8-4BA7-AA6B-D1E7F7BB1307}.Symbol|Mixed Platforms.Build.0 = Symbol|Any CPU
		{73DA4679-E1D8-4BA7-AA6B-D1E7F7BB1307}.Symbol|x86.ActiveCfg = Symbol|Any CPU
		{73DA4679-E1D8-4BA7-AA6B-D1E7F7BB1307}.Symbol|x86.Build.0 = Symbol|Any CPU
		{73DA4679-E1D8-4BA7-AA6B-D1E7F7BB1307}.Symbols4Debug|Any CPU.ActiveCfg = Symbols4Debug|Any CPU
		{73DA4679-E1D8-4BA7-AA6B-D1E7F7BB1307}.Symbols4Debug|Any CPU.Build.0 = Symbols4Debug|Any CPU
		{73DA4679-E1D8-4BA7-AA6B-D1E7F7BB1307}.Symbols4Debug|Mixed Platforms.ActiveCfg = Symbols4Debug|Any CPU
		{73DA4679-E1D8-4BA7-AA6B-D1E7F7BB1307}.Symbols4Debug|Mixed Platforms.Build.0 = Symbols4Debug|Any CPU
		{73DA4679-E1D8-4BA7-AA6B-D1E7F7BB1307}.Symbols4Debug|x86.ActiveCfg = Symbols4Debug|Any CPU
		{73DA4679-E1D8-4BA7-AA6B-D1E7F7BB1307}.Symbols4Debug|x86.Build.0 = Symbols4Debug|Any CPU
		{73DA4679-E1D8-4BA7-AA6B-D1E7F7BB1307}.test_release|Any CPU.ActiveCfg = Symbols4Debug|Any CPU
		{73DA4679-E1D8-4BA7-AA6B-D1E7F7BB1307}.test_release|Any CPU.Build.0 = Symbols4Debug|Any CPU
		{73DA4679-E1D8-4BA7-AA6B-D1E7F7BB1307}.test_release|Mixed Platforms.ActiveCfg = Symbols4Debug|Any CPU
		{73DA4679-E1D8-4BA7-AA6B-D1E7F7BB1307}.test_release|Mixed Platforms.Build.0 = Symbols4Debug|Any CPU
		{73DA4679-E1D8-4BA7-AA6B-D1E7F7BB1307}.test_release|x86.ActiveCfg = Symbols4Debug|Any CPU
		{73DA4679-E1D8-4BA7-AA6B-D1E7F7BB1307}.test_release|x86.Build.0 = Symbols4Debug|Any CPU
		{8D53BD1E-8B00-448F-96DF-70F531CCAADD}._Temp|Any CPU.ActiveCfg = Debug|Any CPU
		{8D53BD1E-8B00-448F-96DF-70F531CCAADD}._Temp|Any CPU.Build.0 = Debug|Any CPU
		{8D53BD1E-8B00-448F-96DF-70F531CCAADD}._Temp|Mixed Platforms.ActiveCfg = Debug|Any CPU
		{8D53BD1E-8B00-448F-96DF-70F531CCAADD}._Temp|Mixed Platforms.Build.0 = Debug|Any CPU
		{8D53BD1E-8B00-448F-96DF-70F531CCAADD}._Temp|x86.ActiveCfg = Debug|Any CPU
		{8D53BD1E-8B00-448F-96DF-70F531CCAADD}._Temp|x86.Build.0 = Debug|Any CPU
		{8D53BD1E-8B00-448F-96DF-70F531CCAADD}.Debug|Any CPU.ActiveCfg = Debug|Any CPU
		{8D53BD1E-8B00-448F-96DF-70F531CCAADD}.Debug|Any CPU.Build.0 = Debug|Any CPU
		{8D53BD1E-8B00-448F-96DF-70F531CCAADD}.Debug|Mixed Platforms.ActiveCfg = Debug|Any CPU
		{8D53BD1E-8B00-448F-96DF-70F531CCAADD}.Debug|Mixed Platforms.Build.0 = Debug|Any CPU
		{8D53BD1E-8B00-448F-96DF-70F531CCAADD}.Debug|x86.ActiveCfg = Debug|Any CPU
		{8D53BD1E-8B00-448F-96DF-70F531CCAADD}.Debug|x86.Build.0 = Debug|Any CPU
		{8D53BD1E-8B00-448F-96DF-70F531CCAADD}.debug2pub|Any CPU.ActiveCfg = Debug|Any CPU
		{8D53BD1E-8B00-448F-96DF-70F531CCAADD}.debug2pub|Any CPU.Build.0 = Debug|Any CPU
		{8D53BD1E-8B00-448F-96DF-70F531CCAADD}.debug2pub|Mixed Platforms.ActiveCfg = Debug|Any CPU
		{8D53BD1E-8B00-448F-96DF-70F531CCAADD}.debug2pub|Mixed Platforms.Build.0 = Debug|Any CPU
		{8D53BD1E-8B00-448F-96DF-70F531CCAADD}.debug2pub|x86.ActiveCfg = Debug|Any CPU
		{8D53BD1E-8B00-448F-96DF-70F531CCAADD}.debug2pub|x86.Build.0 = Debug|Any CPU
		{8D53BD1E-8B00-448F-96DF-70F531CCAADD}.hbue__deptS_ccpOrg___release|Any CPU.ActiveCfg = Debug|Any CPU
		{8D53BD1E-8B00-448F-96DF-70F531CCAADD}.hbue__deptS_ccpOrg___release|Any CPU.Build.0 = Debug|Any CPU
		{8D53BD1E-8B00-448F-96DF-70F531CCAADD}.hbue__deptS_ccpOrg___release|Mixed Platforms.ActiveCfg = Debug|Any CPU
		{8D53BD1E-8B00-448F-96DF-70F531CCAADD}.hbue__deptS_ccpOrg___release|Mixed Platforms.Build.0 = Debug|Any CPU
		{8D53BD1E-8B00-448F-96DF-70F531CCAADD}.hbue__deptS_ccpOrg___release|x86.ActiveCfg = Debug|Any CPU
		{8D53BD1E-8B00-448F-96DF-70F531CCAADD}.hbue__deptS_ccpOrg___release|x86.Build.0 = Debug|Any CPU
		{8D53BD1E-8B00-448F-96DF-70F531CCAADD}.hbue__deptS_ccpOrg|Any CPU.ActiveCfg = Debug|Any CPU
		{8D53BD1E-8B00-448F-96DF-70F531CCAADD}.hbue__deptS_ccpOrg|Any CPU.Build.0 = Debug|Any CPU
		{8D53BD1E-8B00-448F-96DF-70F531CCAADD}.hbue__deptS_ccpOrg|Mixed Platforms.ActiveCfg = Debug|Any CPU
		{8D53BD1E-8B00-448F-96DF-70F531CCAADD}.hbue__deptS_ccpOrg|Mixed Platforms.Build.0 = Debug|Any CPU
		{8D53BD1E-8B00-448F-96DF-70F531CCAADD}.hbue__deptS_ccpOrg|x86.ActiveCfg = Debug|Any CPU
		{8D53BD1E-8B00-448F-96DF-70F531CCAADD}.hbue__deptS_ccpOrg|x86.Build.0 = Debug|Any CPU
		{8D53BD1E-8B00-448F-96DF-70F531CCAADD}.Hbue40|Any CPU.ActiveCfg = Debug|Any CPU
		{8D53BD1E-8B00-448F-96DF-70F531CCAADD}.Hbue40|Any CPU.Build.0 = Debug|Any CPU
		{8D53BD1E-8B00-448F-96DF-70F531CCAADD}.Hbue40|Mixed Platforms.ActiveCfg = Debug|Any CPU
		{8D53BD1E-8B00-448F-96DF-70F531CCAADD}.Hbue40|Mixed Platforms.Build.0 = Debug|Any CPU
		{8D53BD1E-8B00-448F-96DF-70F531CCAADD}.Hbue40|x86.ActiveCfg = Debug|Any CPU
		{8D53BD1E-8B00-448F-96DF-70F531CCAADD}.Hbue40|x86.Build.0 = Debug|Any CPU
		{8D53BD1E-8B00-448F-96DF-70F531CCAADD}.Nuget|Any CPU.ActiveCfg = Nuget|Any CPU
		{8D53BD1E-8B00-448F-96DF-70F531CCAADD}.Nuget|Any CPU.Build.0 = Nuget|Any CPU
		{8D53BD1E-8B00-448F-96DF-70F531CCAADD}.Nuget|Mixed Platforms.ActiveCfg = Nuget|Any CPU
		{8D53BD1E-8B00-448F-96DF-70F531CCAADD}.Nuget|Mixed Platforms.Build.0 = Nuget|Any CPU
		{8D53BD1E-8B00-448F-96DF-70F531CCAADD}.Nuget|x86.ActiveCfg = Nuget|Any CPU
		{8D53BD1E-8B00-448F-96DF-70F531CCAADD}.Nuget|x86.Build.0 = Nuget|Any CPU
		{8D53BD1E-8B00-448F-96DF-70F531CCAADD}.PreferChinese|Any CPU.ActiveCfg = Debug|Any CPU
		{8D53BD1E-8B00-448F-96DF-70F531CCAADD}.PreferChinese|Any CPU.Build.0 = Debug|Any CPU
		{8D53BD1E-8B00-448F-96DF-70F531CCAADD}.PreferChinese|Mixed Platforms.ActiveCfg = Debug|Any CPU
		{8D53BD1E-8B00-448F-96DF-70F531CCAADD}.PreferChinese|Mixed Platforms.Build.0 = Debug|Any CPU
		{8D53BD1E-8B00-448F-96DF-70F531CCAADD}.PreferChinese|x86.ActiveCfg = Debug|Any CPU
		{8D53BD1E-8B00-448F-96DF-70F531CCAADD}.PreferChinese|x86.Build.0 = Debug|Any CPU
		{8D53BD1E-8B00-448F-96DF-70F531CCAADD}.Release_PreferChinese|Any CPU.ActiveCfg = Release|Any CPU
		{8D53BD1E-8B00-448F-96DF-70F531CCAADD}.Release_PreferChinese|Any CPU.Build.0 = Release|Any CPU
		{8D53BD1E-8B00-448F-96DF-70F531CCAADD}.Release_PreferChinese|Mixed Platforms.ActiveCfg = Release|Any CPU
		{8D53BD1E-8B00-448F-96DF-70F531CCAADD}.Release_PreferChinese|Mixed Platforms.Build.0 = Release|Any CPU
		{8D53BD1E-8B00-448F-96DF-70F531CCAADD}.Release_PreferChinese|x86.ActiveCfg = Release|Any CPU
		{8D53BD1E-8B00-448F-96DF-70F531CCAADD}.Release_PreferChinese|x86.Build.0 = Release|Any CPU
		{8D53BD1E-8B00-448F-96DF-70F531CCAADD}.Release|Any CPU.ActiveCfg = Release|Any CPU
		{8D53BD1E-8B00-448F-96DF-70F531CCAADD}.Release|Any CPU.Build.0 = Release|Any CPU
		{8D53BD1E-8B00-448F-96DF-70F531CCAADD}.Release|Mixed Platforms.ActiveCfg = Release|Any CPU
		{8D53BD1E-8B00-448F-96DF-70F531CCAADD}.Release|Mixed Platforms.Build.0 = Release|Any CPU
		{8D53BD1E-8B00-448F-96DF-70F531CCAADD}.Release|x86.ActiveCfg = Release|Any CPU
		{8D53BD1E-8B00-448F-96DF-70F531CCAADD}.Release|x86.Build.0 = Release|Any CPU
		{8D53BD1E-8B00-448F-96DF-70F531CCAADD}.Symbol|Any CPU.ActiveCfg = Symbol|Any CPU
		{8D53BD1E-8B00-448F-96DF-70F531CCAADD}.Symbol|Any CPU.Build.0 = Symbol|Any CPU
		{8D53BD1E-8B00-448F-96DF-70F531CCAADD}.Symbol|Mixed Platforms.ActiveCfg = Symbol|Any CPU
		{8D53BD1E-8B00-448F-96DF-70F531CCAADD}.Symbol|Mixed Platforms.Build.0 = Symbol|Any CPU
		{8D53BD1E-8B00-448F-96DF-70F531CCAADD}.Symbol|x86.ActiveCfg = Symbol|Any CPU
		{8D53BD1E-8B00-448F-96DF-70F531CCAADD}.Symbol|x86.Build.0 = Symbol|Any CPU
		{8D53BD1E-8B00-448F-96DF-70F531CCAADD}.Symbols4Debug|Any CPU.ActiveCfg = Symbol|Any CPU
		{8D53BD1E-8B00-448F-96DF-70F531CCAADD}.Symbols4Debug|Any CPU.Build.0 = Symbol|Any CPU
		{8D53BD1E-8B00-448F-96DF-70F531CCAADD}.Symbols4Debug|Mixed Platforms.ActiveCfg = Symbol|Any CPU
		{8D53BD1E-8B00-448F-96DF-70F531CCAADD}.Symbols4Debug|Mixed Platforms.Build.0 = Symbol|Any CPU
		{8D53BD1E-8B00-448F-96DF-70F531CCAADD}.Symbols4Debug|x86.ActiveCfg = Symbol|Any CPU
		{8D53BD1E-8B00-448F-96DF-70F531CCAADD}.Symbols4Debug|x86.Build.0 = Symbol|Any CPU
		{8D53BD1E-8B00-448F-96DF-70F531CCAADD}.test_release|Any CPU.ActiveCfg = Debug|Any CPU
		{8D53BD1E-8B00-448F-96DF-70F531CCAADD}.test_release|Any CPU.Build.0 = Debug|Any CPU
		{8D53BD1E-8B00-448F-96DF-70F531CCAADD}.test_release|Mixed Platforms.ActiveCfg = Debug|Any CPU
		{8D53BD1E-8B00-448F-96DF-70F531CCAADD}.test_release|Mixed Platforms.Build.0 = Debug|Any CPU
		{8D53BD1E-8B00-448F-96DF-70F531CCAADD}.test_release|x86.ActiveCfg = Debug|Any CPU
		{8D53BD1E-8B00-448F-96DF-70F531CCAADD}.test_release|x86.Build.0 = Debug|Any CPU
		{7787D050-57CD-40FA-88FC-34F89C15DDBC}._Temp|Any CPU.ActiveCfg = Debug|Any CPU
		{7787D050-57CD-40FA-88FC-34F89C15DDBC}._Temp|Any CPU.Build.0 = Debug|Any CPU
		{7787D050-57CD-40FA-88FC-34F89C15DDBC}._Temp|Mixed Platforms.ActiveCfg = Debug|Any CPU
		{7787D050-57CD-40FA-88FC-34F89C15DDBC}._Temp|Mixed Platforms.Build.0 = Debug|Any CPU
		{7787D050-57CD-40FA-88FC-34F89C15DDBC}._Temp|x86.ActiveCfg = Debug|Any CPU
		{7787D050-57CD-40FA-88FC-34F89C15DDBC}._Temp|x86.Build.0 = Debug|Any CPU
		{7787D050-57CD-40FA-88FC-34F89C15DDBC}.Debug|Any CPU.ActiveCfg = Debug|Any CPU
		{7787D050-57CD-40FA-88FC-34F89C15DDBC}.Debug|Any CPU.Build.0 = Debug|Any CPU
		{7787D050-57CD-40FA-88FC-34F89C15DDBC}.Debug|Mixed Platforms.ActiveCfg = Debug|Any CPU
		{7787D050-57CD-40FA-88FC-34F89C15DDBC}.Debug|Mixed Platforms.Build.0 = Debug|Any CPU
		{7787D050-57CD-40FA-88FC-34F89C15DDBC}.Debug|x86.ActiveCfg = Debug|Any CPU
		{7787D050-57CD-40FA-88FC-34F89C15DDBC}.Debug|x86.Build.0 = Debug|Any CPU
		{7787D050-57CD-40FA-88FC-34F89C15DDBC}.debug2pub|Any CPU.ActiveCfg = Debug|Any CPU
		{7787D050-57CD-40FA-88FC-34F89C15DDBC}.debug2pub|Any CPU.Build.0 = Debug|Any CPU
		{7787D050-57CD-40FA-88FC-34F89C15DDBC}.debug2pub|Mixed Platforms.ActiveCfg = Debug|Any CPU
		{7787D050-57CD-40FA-88FC-34F89C15DDBC}.debug2pub|Mixed Platforms.Build.0 = Debug|Any CPU
		{7787D050-57CD-40FA-88FC-34F89C15DDBC}.debug2pub|x86.ActiveCfg = Debug|Any CPU
		{7787D050-57CD-40FA-88FC-34F89C15DDBC}.debug2pub|x86.Build.0 = Debug|Any CPU
		{7787D050-57CD-40FA-88FC-34F89C15DDBC}.hbue__deptS_ccpOrg___release|Any CPU.ActiveCfg = Hbue40|Any CPU
		{7787D050-57CD-40FA-88FC-34F89C15DDBC}.hbue__deptS_ccpOrg___release|Any CPU.Build.0 = Hbue40|Any CPU
		{7787D050-57CD-40FA-88FC-34F89C15DDBC}.hbue__deptS_ccpOrg___release|Mixed Platforms.ActiveCfg = Hbue40|Any CPU
		{7787D050-57CD-40FA-88FC-34F89C15DDBC}.hbue__deptS_ccpOrg___release|Mixed Platforms.Build.0 = Hbue40|Any CPU
		{7787D050-57CD-40FA-88FC-34F89C15DDBC}.hbue__deptS_ccpOrg___release|x86.ActiveCfg = Hbue40|Any CPU
		{7787D050-57CD-40FA-88FC-34F89C15DDBC}.hbue__deptS_ccpOrg___release|x86.Build.0 = Hbue40|Any CPU
		{7787D050-57CD-40FA-88FC-34F89C15DDBC}.hbue__deptS_ccpOrg|Any CPU.ActiveCfg = Hbue40|Any CPU
		{7787D050-57CD-40FA-88FC-34F89C15DDBC}.hbue__deptS_ccpOrg|Any CPU.Build.0 = Hbue40|Any CPU
		{7787D050-57CD-40FA-88FC-34F89C15DDBC}.hbue__deptS_ccpOrg|Mixed Platforms.ActiveCfg = Hbue40|Any CPU
		{7787D050-57CD-40FA-88FC-34F89C15DDBC}.hbue__deptS_ccpOrg|Mixed Platforms.Build.0 = Hbue40|Any CPU
		{7787D050-57CD-40FA-88FC-34F89C15DDBC}.hbue__deptS_ccpOrg|x86.ActiveCfg = Hbue40|Any CPU
		{7787D050-57CD-40FA-88FC-34F89C15DDBC}.hbue__deptS_ccpOrg|x86.Build.0 = Hbue40|Any CPU
		{7787D050-57CD-40FA-88FC-34F89C15DDBC}.Hbue40|Any CPU.ActiveCfg = Hbue40|Any CPU
		{7787D050-57CD-40FA-88FC-34F89C15DDBC}.Hbue40|Any CPU.Build.0 = Hbue40|Any CPU
		{7787D050-57CD-40FA-88FC-34F89C15DDBC}.Hbue40|Mixed Platforms.ActiveCfg = Hbue40|Any CPU
		{7787D050-57CD-40FA-88FC-34F89C15DDBC}.Hbue40|Mixed Platforms.Build.0 = Hbue40|Any CPU
		{7787D050-57CD-40FA-88FC-34F89C15DDBC}.Hbue40|x86.ActiveCfg = Hbue40|Any CPU
		{7787D050-57CD-40FA-88FC-34F89C15DDBC}.Hbue40|x86.Build.0 = Hbue40|Any CPU
		{7787D050-57CD-40FA-88FC-34F89C15DDBC}.Nuget|Any CPU.ActiveCfg = Nuget|Any CPU
		{7787D050-57CD-40FA-88FC-34F89C15DDBC}.Nuget|Any CPU.Build.0 = Nuget|Any CPU
		{7787D050-57CD-40FA-88FC-34F89C15DDBC}.Nuget|Mixed Platforms.ActiveCfg = Nuget|Any CPU
		{7787D050-57CD-40FA-88FC-34F89C15DDBC}.Nuget|Mixed Platforms.Build.0 = Nuget|Any CPU
		{7787D050-57CD-40FA-88FC-34F89C15DDBC}.Nuget|x86.ActiveCfg = Nuget|Any CPU
		{7787D050-57CD-40FA-88FC-34F89C15DDBC}.Nuget|x86.Build.0 = Nuget|Any CPU
		{7787D050-57CD-40FA-88FC-34F89C15DDBC}.PreferChinese|Any CPU.ActiveCfg = Debug|Any CPU
		{7787D050-57CD-40FA-88FC-34F89C15DDBC}.PreferChinese|Any CPU.Build.0 = Debug|Any CPU
		{7787D050-57CD-40FA-88FC-34F89C15DDBC}.PreferChinese|Mixed Platforms.ActiveCfg = Debug|Any CPU
		{7787D050-57CD-40FA-88FC-34F89C15DDBC}.PreferChinese|Mixed Platforms.Build.0 = Debug|Any CPU
		{7787D050-57CD-40FA-88FC-34F89C15DDBC}.PreferChinese|x86.ActiveCfg = Debug|Any CPU
		{7787D050-57CD-40FA-88FC-34F89C15DDBC}.PreferChinese|x86.Build.0 = Debug|Any CPU
		{7787D050-57CD-40FA-88FC-34F89C15DDBC}.Release_PreferChinese|Any CPU.ActiveCfg = Release|Any CPU
		{7787D050-57CD-40FA-88FC-34F89C15DDBC}.Release_PreferChinese|Any CPU.Build.0 = Release|Any CPU
		{7787D050-57CD-40FA-88FC-34F89C15DDBC}.Release_PreferChinese|Mixed Platforms.ActiveCfg = Release|Any CPU
		{7787D050-57CD-40FA-88FC-34F89C15DDBC}.Release_PreferChinese|Mixed Platforms.Build.0 = Release|Any CPU
		{7787D050-57CD-40FA-88FC-34F89C15DDBC}.Release_PreferChinese|x86.ActiveCfg = Release|Any CPU
		{7787D050-57CD-40FA-88FC-34F89C15DDBC}.Release_PreferChinese|x86.Build.0 = Release|Any CPU
		{7787D050-57CD-40FA-88FC-34F89C15DDBC}.Release|Any CPU.ActiveCfg = Release|Any CPU
		{7787D050-57CD-40FA-88FC-34F89C15DDBC}.Release|Any CPU.Build.0 = Release|Any CPU
		{7787D050-57CD-40FA-88FC-34F89C15DDBC}.Release|Mixed Platforms.ActiveCfg = Release|Any CPU
		{7787D050-57CD-40FA-88FC-34F89C15DDBC}.Release|Mixed Platforms.Build.0 = Release|Any CPU
		{7787D050-57CD-40FA-88FC-34F89C15DDBC}.Release|x86.ActiveCfg = Release|Any CPU
		{7787D050-57CD-40FA-88FC-34F89C15DDBC}.Release|x86.Build.0 = Release|Any CPU
		{7787D050-57CD-40FA-88FC-34F89C15DDBC}.Symbol|Any CPU.ActiveCfg = Symbol|Any CPU
		{7787D050-57CD-40FA-88FC-34F89C15DDBC}.Symbol|Any CPU.Build.0 = Symbol|Any CPU
		{7787D050-57CD-40FA-88FC-34F89C15DDBC}.Symbol|Mixed Platforms.ActiveCfg = Symbol|Any CPU
		{7787D050-57CD-40FA-88FC-34F89C15DDBC}.Symbol|Mixed Platforms.Build.0 = Symbol|Any CPU
		{7787D050-57CD-40FA-88FC-34F89C15DDBC}.Symbol|x86.ActiveCfg = Symbol|Any CPU
		{7787D050-57CD-40FA-88FC-34F89C15DDBC}.Symbol|x86.Build.0 = Symbol|Any CPU
		{7787D050-57CD-40FA-88FC-34F89C15DDBC}.Symbols4Debug|Any CPU.ActiveCfg = Symbols4Debug|Any CPU
		{7787D050-57CD-40FA-88FC-34F89C15DDBC}.Symbols4Debug|Any CPU.Build.0 = Symbols4Debug|Any CPU
		{7787D050-57CD-40FA-88FC-34F89C15DDBC}.Symbols4Debug|Mixed Platforms.ActiveCfg = Symbols4Debug|Any CPU
		{7787D050-57CD-40FA-88FC-34F89C15DDBC}.Symbols4Debug|Mixed Platforms.Build.0 = Symbols4Debug|Any CPU
		{7787D050-57CD-40FA-88FC-34F89C15DDBC}.Symbols4Debug|x86.ActiveCfg = Symbols4Debug|Any CPU
		{7787D050-57CD-40FA-88FC-34F89C15DDBC}.Symbols4Debug|x86.Build.0 = Symbols4Debug|Any CPU
		{7787D050-57CD-40FA-88FC-34F89C15DDBC}.test_release|Any CPU.ActiveCfg = Debug|Any CPU
		{7787D050-57CD-40FA-88FC-34F89C15DDBC}.test_release|Any CPU.Build.0 = Debug|Any CPU
		{7787D050-57CD-40FA-88FC-34F89C15DDBC}.test_release|Mixed Platforms.ActiveCfg = Debug|Any CPU
		{7787D050-57CD-40FA-88FC-34F89C15DDBC}.test_release|Mixed Platforms.Build.0 = Debug|Any CPU
		{7787D050-57CD-40FA-88FC-34F89C15DDBC}.test_release|x86.ActiveCfg = Debug|Any CPU
		{7787D050-57CD-40FA-88FC-34F89C15DDBC}.test_release|x86.Build.0 = Debug|Any CPU
		{F809E7AC-A2EB-44B0-80C8-60CBAC8BB8A8}._Temp|Any CPU.ActiveCfg = Debug|Any CPU
		{F809E7AC-A2EB-44B0-80C8-60CBAC8BB8A8}._Temp|Any CPU.Build.0 = Debug|Any CPU
		{F809E7AC-A2EB-44B0-80C8-60CBAC8BB8A8}._Temp|Mixed Platforms.ActiveCfg = Debug|Any CPU
		{F809E7AC-A2EB-44B0-80C8-60CBAC8BB8A8}._Temp|Mixed Platforms.Build.0 = Debug|Any CPU
		{F809E7AC-A2EB-44B0-80C8-60CBAC8BB8A8}._Temp|x86.ActiveCfg = Debug|Any CPU
		{F809E7AC-A2EB-44B0-80C8-60CBAC8BB8A8}._Temp|x86.Build.0 = Debug|Any CPU
		{F809E7AC-A2EB-44B0-80C8-60CBAC8BB8A8}.Debug|Any CPU.ActiveCfg = Debug|Any CPU
		{F809E7AC-A2EB-44B0-80C8-60CBAC8BB8A8}.Debug|Any CPU.Build.0 = Debug|Any CPU
		{F809E7AC-A2EB-44B0-80C8-60CBAC8BB8A8}.Debug|Mixed Platforms.ActiveCfg = Debug|Any CPU
		{F809E7AC-A2EB-44B0-80C8-60CBAC8BB8A8}.Debug|Mixed Platforms.Build.0 = Debug|Any CPU
		{F809E7AC-A2EB-44B0-80C8-60CBAC8BB8A8}.Debug|x86.ActiveCfg = Debug|Any CPU
		{F809E7AC-A2EB-44B0-80C8-60CBAC8BB8A8}.Debug|x86.Build.0 = Debug|Any CPU
		{F809E7AC-A2EB-44B0-80C8-60CBAC8BB8A8}.debug2pub|Any CPU.ActiveCfg = Debug|Any CPU
		{F809E7AC-A2EB-44B0-80C8-60CBAC8BB8A8}.debug2pub|Any CPU.Build.0 = Debug|Any CPU
		{F809E7AC-A2EB-44B0-80C8-60CBAC8BB8A8}.debug2pub|Mixed Platforms.ActiveCfg = Debug|Any CPU
		{F809E7AC-A2EB-44B0-80C8-60CBAC8BB8A8}.debug2pub|Mixed Platforms.Build.0 = Debug|Any CPU
		{F809E7AC-A2EB-44B0-80C8-60CBAC8BB8A8}.debug2pub|x86.ActiveCfg = Debug|Any CPU
		{F809E7AC-A2EB-44B0-80C8-60CBAC8BB8A8}.debug2pub|x86.Build.0 = Debug|Any CPU
		{F809E7AC-A2EB-44B0-80C8-60CBAC8BB8A8}.hbue__deptS_ccpOrg___release|Any CPU.ActiveCfg = Debug|Any CPU
		{F809E7AC-A2EB-44B0-80C8-60CBAC8BB8A8}.hbue__deptS_ccpOrg___release|Any CPU.Build.0 = Debug|Any CPU
		{F809E7AC-A2EB-44B0-80C8-60CBAC8BB8A8}.hbue__deptS_ccpOrg___release|Mixed Platforms.ActiveCfg = Debug|Any CPU
		{F809E7AC-A2EB-44B0-80C8-60CBAC8BB8A8}.hbue__deptS_ccpOrg___release|Mixed Platforms.Build.0 = Debug|Any CPU
		{F809E7AC-A2EB-44B0-80C8-60CBAC8BB8A8}.hbue__deptS_ccpOrg___release|x86.ActiveCfg = Debug|Any CPU
		{F809E7AC-A2EB-44B0-80C8-60CBAC8BB8A8}.hbue__deptS_ccpOrg___release|x86.Build.0 = Debug|Any CPU
		{F809E7AC-A2EB-44B0-80C8-60CBAC8BB8A8}.hbue__deptS_ccpOrg|Any CPU.ActiveCfg = Debug|Any CPU
		{F809E7AC-A2EB-44B0-80C8-60CBAC8BB8A8}.hbue__deptS_ccpOrg|Any CPU.Build.0 = Debug|Any CPU
		{F809E7AC-A2EB-44B0-80C8-60CBAC8BB8A8}.hbue__deptS_ccpOrg|Mixed Platforms.ActiveCfg = Debug|Any CPU
		{F809E7AC-A2EB-44B0-80C8-60CBAC8BB8A8}.hbue__deptS_ccpOrg|Mixed Platforms.Build.0 = Debug|Any CPU
		{F809E7AC-A2EB-44B0-80C8-60CBAC8BB8A8}.hbue__deptS_ccpOrg|x86.ActiveCfg = Debug|Any CPU
		{F809E7AC-A2EB-44B0-80C8-60CBAC8BB8A8}.hbue__deptS_ccpOrg|x86.Build.0 = Debug|Any CPU
		{F809E7AC-A2EB-44B0-80C8-60CBAC8BB8A8}.Hbue40|Any CPU.ActiveCfg = Debug|Any CPU
		{F809E7AC-A2EB-44B0-80C8-60CBAC8BB8A8}.Hbue40|Any CPU.Build.0 = Debug|Any CPU
		{F809E7AC-A2EB-44B0-80C8-60CBAC8BB8A8}.Hbue40|Mixed Platforms.ActiveCfg = Debug|Any CPU
		{F809E7AC-A2EB-44B0-80C8-60CBAC8BB8A8}.Hbue40|Mixed Platforms.Build.0 = Debug|Any CPU
		{F809E7AC-A2EB-44B0-80C8-60CBAC8BB8A8}.Hbue40|x86.ActiveCfg = Debug|Any CPU
		{F809E7AC-A2EB-44B0-80C8-60CBAC8BB8A8}.Hbue40|x86.Build.0 = Debug|Any CPU
		{F809E7AC-A2EB-44B0-80C8-60CBAC8BB8A8}.Nuget|Any CPU.ActiveCfg = Debug|Any CPU
		{F809E7AC-A2EB-44B0-80C8-60CBAC8BB8A8}.Nuget|Any CPU.Build.0 = Debug|Any CPU
		{F809E7AC-A2EB-44B0-80C8-60CBAC8BB8A8}.Nuget|Mixed Platforms.ActiveCfg = Debug|Any CPU
		{F809E7AC-A2EB-44B0-80C8-60CBAC8BB8A8}.Nuget|Mixed Platforms.Build.0 = Debug|Any CPU
		{F809E7AC-A2EB-44B0-80C8-60CBAC8BB8A8}.Nuget|x86.ActiveCfg = Debug|Any CPU
		{F809E7AC-A2EB-44B0-80C8-60CBAC8BB8A8}.Nuget|x86.Build.0 = Debug|Any CPU
		{F809E7AC-A2EB-44B0-80C8-60CBAC8BB8A8}.PreferChinese|Any CPU.ActiveCfg = Debug|Any CPU
		{F809E7AC-A2EB-44B0-80C8-60CBAC8BB8A8}.PreferChinese|Any CPU.Build.0 = Debug|Any CPU
		{F809E7AC-A2EB-44B0-80C8-60CBAC8BB8A8}.PreferChinese|Mixed Platforms.ActiveCfg = Debug|Any CPU
		{F809E7AC-A2EB-44B0-80C8-60CBAC8BB8A8}.PreferChinese|Mixed Platforms.Build.0 = Debug|Any CPU
		{F809E7AC-A2EB-44B0-80C8-60CBAC8BB8A8}.PreferChinese|x86.ActiveCfg = Debug|Any CPU
		{F809E7AC-A2EB-44B0-80C8-60CBAC8BB8A8}.PreferChinese|x86.Build.0 = Debug|Any CPU
		{F809E7AC-A2EB-44B0-80C8-60CBAC8BB8A8}.Release_PreferChinese|Any CPU.ActiveCfg = Release|Any CPU
		{F809E7AC-A2EB-44B0-80C8-60CBAC8BB8A8}.Release_PreferChinese|Any CPU.Build.0 = Release|Any CPU
		{F809E7AC-A2EB-44B0-80C8-60CBAC8BB8A8}.Release_PreferChinese|Mixed Platforms.ActiveCfg = Release|Any CPU
		{F809E7AC-A2EB-44B0-80C8-60CBAC8BB8A8}.Release_PreferChinese|Mixed Platforms.Build.0 = Release|Any CPU
		{F809E7AC-A2EB-44B0-80C8-60CBAC8BB8A8}.Release_PreferChinese|x86.ActiveCfg = Release|Any CPU
		{F809E7AC-A2EB-44B0-80C8-60CBAC8BB8A8}.Release_PreferChinese|x86.Build.0 = Release|Any CPU
		{F809E7AC-A2EB-44B0-80C8-60CBAC8BB8A8}.Release|Any CPU.ActiveCfg = Release|Any CPU
		{F809E7AC-A2EB-44B0-80C8-60CBAC8BB8A8}.Release|Any CPU.Build.0 = Release|Any CPU
		{F809E7AC-A2EB-44B0-80C8-60CBAC8BB8A8}.Release|Mixed Platforms.ActiveCfg = Release|Any CPU
		{F809E7AC-A2EB-44B0-80C8-60CBAC8BB8A8}.Release|Mixed Platforms.Build.0 = Release|Any CPU
		{F809E7AC-A2EB-44B0-80C8-60CBAC8BB8A8}.Release|x86.ActiveCfg = Release|Any CPU
		{F809E7AC-A2EB-44B0-80C8-60CBAC8BB8A8}.Release|x86.Build.0 = Release|Any CPU
		{F809E7AC-A2EB-44B0-80C8-60CBAC8BB8A8}.Symbol|Any CPU.ActiveCfg = Debug|Any CPU
		{F809E7AC-A2EB-44B0-80C8-60CBAC8BB8A8}.Symbol|Any CPU.Build.0 = Debug|Any CPU
		{F809E7AC-A2EB-44B0-80C8-60CBAC8BB8A8}.Symbol|Mixed Platforms.ActiveCfg = Debug|Any CPU
		{F809E7AC-A2EB-44B0-80C8-60CBAC8BB8A8}.Symbol|Mixed Platforms.Build.0 = Debug|Any CPU
		{F809E7AC-A2EB-44B0-80C8-60CBAC8BB8A8}.Symbol|x86.ActiveCfg = Debug|Any CPU
		{F809E7AC-A2EB-44B0-80C8-60CBAC8BB8A8}.Symbol|x86.Build.0 = Debug|Any CPU
		{F809E7AC-A2EB-44B0-80C8-60CBAC8BB8A8}.Symbols4Debug|Any CPU.ActiveCfg = Debug|Any CPU
		{F809E7AC-A2EB-44B0-80C8-60CBAC8BB8A8}.Symbols4Debug|Any CPU.Build.0 = Debug|Any CPU
		{F809E7AC-A2EB-44B0-80C8-60CBAC8BB8A8}.Symbols4Debug|Mixed Platforms.ActiveCfg = Debug|Any CPU
		{F809E7AC-A2EB-44B0-80C8-60CBAC8BB8A8}.Symbols4Debug|Mixed Platforms.Build.0 = Debug|Any CPU
		{F809E7AC-A2EB-44B0-80C8-60CBAC8BB8A8}.Symbols4Debug|x86.ActiveCfg = Debug|Any CPU
		{F809E7AC-A2EB-44B0-80C8-60CBAC8BB8A8}.Symbols4Debug|x86.Build.0 = Debug|Any CPU
		{F809E7AC-A2EB-44B0-80C8-60CBAC8BB8A8}.test_release|Any CPU.ActiveCfg = Debug|Any CPU
		{F809E7AC-A2EB-44B0-80C8-60CBAC8BB8A8}.test_release|Any CPU.Build.0 = Debug|Any CPU
		{F809E7AC-A2EB-44B0-80C8-60CBAC8BB8A8}.test_release|Mixed Platforms.ActiveCfg = Debug|Any CPU
		{F809E7AC-A2EB-44B0-80C8-60CBAC8BB8A8}.test_release|Mixed Platforms.Build.0 = Debug|Any CPU
		{F809E7AC-A2EB-44B0-80C8-60CBAC8BB8A8}.test_release|x86.ActiveCfg = Debug|Any CPU
		{F809E7AC-A2EB-44B0-80C8-60CBAC8BB8A8}.test_release|x86.Build.0 = Debug|Any CPU
	EndGlobalSection
	GlobalSection(SolutionProperties) = preSolution
		HideSolutionNode = FALSE
	EndGlobalSection
	GlobalSection(NestedProjects) = preSolution
		{A399AA1E-2921-46D0-A01E-ECDD432B0E0A} = {D6D648A8-CFD1-4169-8EDD-CAF49FDAB692}
		{73DA4679-E1D8-4BA7-AA6B-D1E7F7BB1307} = {D6D648A8-CFD1-4169-8EDD-CAF49FDAB692}
		{8D53BD1E-8B00-448F-96DF-70F531CCAADD} = {11482ED5-6384-4124-9349-9316D6525584}
		{D6D648A8-CFD1-4169-8EDD-CAF49FDAB692} = {11482ED5-6384-4124-9349-9316D6525584}
		{ED2D5210-5321-4FBF-8768-F22E2539B165} = {D6D648A8-CFD1-4169-8EDD-CAF49FDAB692}
		{7787D050-57CD-40FA-88FC-34F89C15DDBC} = {ED2D5210-5321-4FBF-8768-F22E2539B165}
	EndGlobalSection
	GlobalSection(ExtensibilityGlobals) = postSolution
		SolutionGuid = {0B6B9DE1-A7F6-4403-9048-BF995ACB3F50}
	EndGlobalSection
	GlobalSection(TestCaseManagementSettings) = postSolution
		CategoryFile = ..\..\nilnul.num.rational\nilnul.num.rational.vsmdi
	EndGlobalSection
	GlobalSection(TestCaseManagementSettings) = postSolution
		CategoryFile = ..\..\nilnul.num.rational\nilnul.num.rational.vsmdi
	EndGlobalSection
	GlobalSection(TestCaseManagementSettings) = postSolution
		CategoryFile = ..\..\nilnul.num.rational\nilnul.num.rational.vsmdi
	EndGlobalSection
	GlobalSection(TestCaseManagementSettings) = postSolution
		CategoryFile = ..\..\nilnul.num.rational\nilnul.num.rational.vsmdi
	EndGlobalSection
	GlobalSection(TestCaseManagementSettings) = postSolution
		CategoryFile = ..\..\nilnul.num.rational\nilnul.num.rational.vsmdi
	EndGlobalSection
	GlobalSection(TestCaseManagementSettings) = postSolution
		CategoryFile = ..\..\msn@mesh\develop(120409)\projs\nilnul.net.login\nilnul.net.login.vsmdi
	EndGlobalSection
	GlobalSection(TestCaseManagementSettings) = postSolution
		CategoryFile = ..\..\msn@mesh\develop(120409)\projs\nilnul.net.login\nilnul.net.login.vsmdi
	EndGlobalSection
	GlobalSection(TestCaseManagementSettings) = postSolution
		CategoryFile = ..\..\nilnul.num.rational\nilnul.num.rational.vsmdi
	EndGlobalSection
	GlobalSection(TestCaseManagementSettings) = postSolution
		CategoryFile = ..\..\nilnul.num.rational\nilnul.num.rational.vsmdi
	EndGlobalSection
	GlobalSection(TestCaseManagementSettings) = postSolution
		CategoryFile = ..\..\nilnul.num.rational\nilnul.num.rational.vsmdi
	EndGlobalSection
	GlobalSection(TestCaseManagementSettings) = postSolution
		CategoryFile = ..\..\nilnul.num.rational\nilnul.num.rational.vsmdi
	EndGlobalSection
	GlobalSection(TestCaseManagementSettings) = postSolution
		CategoryFile = ..\..\nilnul.num.rational\nilnul.num.rational.vsmdi
	EndGlobalSection
	GlobalSection(TestCaseManagementSettings) = postSolution
		CategoryFile = StronglyConnectedComponents.vsmdi
	EndGlobalSection
EndGlobal
